Microsoft Visual Studio Solution File, Format Version 12.00
# Visual Studio Version 16
VisualStudioVersion = 16.0.30011.22
MinimumVisualStudioVersion = 10.0.40219.1
Project("{9A19103F-16F7-4668-BE54-9A1E7A4F7556}") = "OrderBasic", "OrderBasic\OrderBasic.csproj", "{9D4B10EC-7A6F-4400-8A3F-B9B04F52EE57}"
EndProject
Project("{9A19103F-16F7-4668-BE54-9A1E7A4F7556}") = "WorkerInfo", "WorkerInfo\WorkerInfo.csproj", "{08AF2DD0-1F11-44D4-8911-E31BC5E3CDC6}"
EndProject
Project("{9A19103F-16F7-4668-BE54-9A1E7A4F7556}") = "Posts", "Posts\Posts.csproj", "{E12C9620-30B4-43C8-BB9F-E8D6F2E9DB19}"
EndProject
Project("{9A19103F-16F7-4668-BE54-9A1E7A4F7556}") = "OrderProduct", "OrderProduct\OrderProduct.csproj", "{48824B35-3E7E-4DD7-B64F-4C745F687D98}"
EndProject
Project("{9A19103F-16F7-4668-BE54-9A1E7A4F7556}") = "BankAccount", "BankAccount\BankAccount.csproj", "{D4EA4BC3-BCD8-4EF8-BBCF-6D3E64E7683C}"
EndProject
Project("{9A19103F-16F7-4668-BE54-9A1E7A4F7556}") = "Employees", "Employees\Employees.csproj", "{DB94437A-ABF4-424F-897B-5CBD868C6CF0}"
EndProject
Project("{9A19103F-16F7-4668-BE54-9A1E7A4F7556}") = "TryAndCatch", "TryAndCatch\TryAndCatch.csproj", "{C8D536FE-38FA-4002-97AE-33D712138933}"
EndProject
Project("{9A19103F-16F7-4668-BE54-9A1E7A4F7556}") = "Hotel", "Hotel\Hotel.csproj", "{E104B7AB-F8A1-4B18-B666-02563C32FA09}"
EndProject
Project("{9A19103F-16F7-4668-BE54-9A1E7A4F7556}") = "BasicAccount", "BasicAccount\BasicAccount.csproj", "{71DF44B6-38DE-4996-A8AD-04A4BE40F9B7}"
EndProject
Project("{9A19103F-16F7-4668-BE54-9A1E7A4F7556}") = "ManipulatingFiles", "ManipulatingFiles\ManipulatingFiles.csproj", "{94D3A3A6-8BE5-419E-9A41-A1C1D5D867A2}"
EndProject
Project("{9A19103F-16F7-4668-BE54-9A1E7A4F7556}") = "ManipulatingDirectory", "ManipulatingDirectory\ManipulatingDirectory.csproj", "{E6165F3A-24AC-42BA-B8D6-CF285497AF28}"
EndProject
Project("{9A19103F-16F7-4668-BE54-9A1E7A4F7556}") = "ProductsSold", "ProductsSold\ProductsSold.csproj", "{98AA8AEF-FDCF-4FC8-A04B-C67F2F34EA55}"
EndProject
Project("{9A19103F-16F7-4668-BE54-9A1E7A4F7556}") = "InterfaceContract", "InterfaceContract\InterfaceContract.csproj", "{81407BF6-D090-4947-93DE-F1AADB15CFD5}"
EndProject
Project("{FAE04EC0-301F-11D3-BF4B-00C04F79EFBC}") = "MyExtensions", "MyExtensions\MyExtensions.csproj", "{5ECD84E9-5A38-4021-917E-3125D87C9A40}"
EndProject
Global
	GlobalSection(SolutionConfigurationPlatforms) = preSolution
		Debug|Any CPU = Debug|Any CPU
		Release|Any CPU = Release|Any CPU
	EndGlobalSection
	GlobalSection(ProjectConfigurationPlatforms) = postSolution
		{9D4B10EC-7A6F-4400-8A3F-B9B04F52EE57}.Debug|Any CPU.ActiveCfg = Debug|Any CPU
		{9D4B10EC-7A6F-4400-8A3F-B9B04F52EE57}.Debug|Any CPU.Build.0 = Debug|Any CPU
		{9D4B10EC-7A6F-4400-8A3F-B9B04F52EE57}.Release|Any CPU.ActiveCfg = Release|Any CPU
		{9D4B10EC-7A6F-4400-8A3F-B9B04F52EE57}.Release|Any CPU.Build.0 = Release|Any CPU
		{08AF2DD0-1F11-44D4-8911-E31BC5E3CDC6}.Debug|Any CPU.ActiveCfg = Debug|Any CPU
		{08AF2DD0-1F11-44D4-8911-E31BC5E3CDC6}.Debug|Any CPU.Build.0 = Debug|Any CPU
		{08AF2DD0-1F11-44D4-8911-E31BC5E3CDC6}.Release|Any CPU.ActiveCfg = Release|Any CPU
		{08AF2DD0-1F11-44D4-8911-E31BC5E3CDC6}.Release|Any CPU.Build.0 = Release|Any CPU
		{E12C9620-30B4-43C8-BB9F-E8D6F2E9DB19}.Debug|Any CPU.ActiveCfg = Debug|Any CPU
		{E12C9620-30B4-43C8-BB9F-E8D6F2E9DB19}.Debug|Any CPU.Build.0 = Debug|Any CPU
		{E12C9620-30B4-43C8-BB9F-E8D6F2E9DB19}.Release|Any CPU.ActiveCfg = Release|Any CPU
		{E12C9620-30B4-43C8-BB9F-E8D6F2E9DB19}.Release|Any CPU.Build.0 = Release|Any CPU
		{48824B35-3E7E-4DD7-B64F-4C745F687D98}.Debug|Any CPU.ActiveCfg = Debug|Any CPU
		{48824B35-3E7E-4DD7-B64F-4C745F687D98}.Debug|Any CPU.Build.0 = Debug|Any CPU
		{48824B35-3E7E-4DD7-B64F-4C745F687D98}.Release|Any CPU.ActiveCfg = Release|Any CPU
		{48824B35-3E7E-4DD7-B64F-4C745F687D98}.Release|Any CPU.Build.0 = Release|Any CPU
		{D4EA4BC3-BCD8-4EF8-BBCF-6D3E64E7683C}.Debug|Any CPU.ActiveCfg = Debug|Any CPU
		{D4EA4BC3-BCD8-4EF8-BBCF-6D3E64E7683C}.Debug|Any CPU.Build.0 = Debug|Any CPU
		{D4EA4BC3-BCD8-4EF8-BBCF-6D3E64E7683C}.Release|Any CPU.ActiveCfg = Release|Any CPU
		{D4EA4BC3-BCD8-4EF8-BBCF-6D3E64E7683C}.Release|Any CPU.Build.0 = Release|Any CPU
		{DB94437A-ABF4-424F-897B-5CBD868C6CF0}.Debug|Any CPU.ActiveCfg = Debug|Any CPU
		{DB94437A-ABF4-424F-897B-5CBD868C6CF0}.Debug|Any CPU.Build.0 = Debug|Any CPU
		{DB94437A-ABF4-424F-897B-5CBD868C6CF0}.Release|Any CPU.ActiveCfg = Release|Any CPU
		{DB94437A-ABF4-424F-897B-5CBD868C6CF0}.Release|Any CPU.Build.0 = Release|Any CPU
		{C8D536FE-38FA-4002-97AE-33D712138933}.Debug|Any CPU.ActiveCfg = Debug|Any CPU
		{C8D536FE-38FA-4002-97AE-33D712138933}.Debug|Any CPU.Build.0 = Debug|Any CPU
		{C8D536FE-38FA-4002-97AE-33D712138933}.Release|Any CPU.ActiveCfg = Release|Any CPU
		{C8D536FE-38FA-4002-97AE-33D712138933}.Release|Any CPU.Build.0 = Release|Any CPU
		{E104B7AB-F8A1-4B18-B666-02563C32FA09}.Debug|Any CPU.ActiveCfg = Debug|Any CPU
		{E104B7AB-F8A1-4B18-B666-02563C32FA09}.Debug|Any CPU.Build.0 = Debug|Any CPU
		{E104B7AB-F8A1-4B18-B666-02563C32FA09}.Release|Any CPU.ActiveCfg = Release|Any CPU
		{E104B7AB-F8A1-4B18-B666-02563C32FA09}.Release|Any CPU.Build.0 = Release|Any CPU
		{71DF44B6-38DE-4996-A8AD-04A4BE40F9B7}.Debug|Any CPU.ActiveCfg = Debug|Any CPU
		{71DF44B6-38DE-4996-A8AD-04A4BE40F9B7}.Debug|Any CPU.Build.0 = Debug|Any CPU
		{71DF44B6-38DE-4996-A8AD-04A4BE40F9B7}.Release|Any CPU.ActiveCfg = Release|Any CPU
		{71DF44B6-38DE-4996-A8AD-04A4BE40F9B7}.Release|Any CPU.Build.0 = Release|Any CPU
		{94D3A3A6-8BE5-419E-9A41-A1C1D5D867A2}.Debug|Any CPU.ActiveCfg = Debug|Any CPU
		{94D3A3A6-8BE5-419E-9A41-A1C1D5D867A2}.Debug|Any CPU.Build.0 = Debug|Any CPU
		{94D3A3A6-8BE5-419E-9A41-A1C1D5D867A2}.Release|Any CPU.ActiveCfg = Release|Any CPU
		{94D3A3A6-8BE5-419E-9A41-A1C1D5D867A2}.Release|Any CPU.Build.0 = Release|Any CPU
		{E6165F3A-24AC-42BA-B8D6-CF285497AF28}.Debug|Any CPU.ActiveCfg = Debug|Any CPU
		{E6165F3A-24AC-42BA-B8D6-CF285497AF28}.Debug|Any CPU.Build.0 = Debug|Any CPU
		{E6165F3A-24AC-42BA-B8D6-CF285497AF28}.Release|Any CPU.ActiveCfg = Release|Any CPU
		{E6165F3A-24AC-42BA-B8D6-CF285497AF28}.Release|Any CPU.Build.0 = Release|Any CPU
		{98AA8AEF-FDCF-4FC8-A04B-C67F2F34EA55}.Debug|Any CPU.ActiveCfg = Debug|Any CPU
		{98AA8AEF-FDCF-4FC8-A04B-C67F2F34EA55}.Debug|Any CPU.Build.0 = Debug|Any CPU
		{98AA8AEF-FDCF-4FC8-A04B-C67F2F34EA55}.Release|Any CPU.ActiveCfg = Release|Any CPU
		{98AA8AEF-FDCF-4FC8-A04B-C67F2F34EA55}.Release|Any CPU.Build.0 = Release|Any CPU
		{81407BF6-D090-4947-93DE-F1AADB15CFD5}.Debug|Any CPU.ActiveCfg = Debug|Any CPU
		{81407BF6-D090-4947-93DE-F1AADB15CFD5}.Debug|Any CPU.Build.0 = Debug|Any CPU
		{81407BF6-D090-4947-93DE-F1AADB15CFD5}.Release|Any CPU.ActiveCfg = Release|Any CPU
		{81407BF6-D090-4947-93DE-F1AADB15CFD5}.Release|Any CPU.Build.0 = Release|Any CPU
		{5ECD84E9-5A38-4021-917E-3125D87C9A40}.Debug|Any CPU.ActiveCfg = Debug|Any CPU
		{5ECD84E9-5A38-4021-917E-3125D87C9A40}.Debug|Any CPU.Build.0 = Debug|Any CPU
		{5ECD84E9-5A38-4021-917E-3125D87C9A40}.Release|Any CPU.ActiveCfg = Release|Any CPU
		{5ECD84E9-5A38-4021-917E-3125D87C9A40}.Release|Any CPU.Build.0 = Release|Any CPU
	EndGlobalSection
	GlobalSection(SolutionProperties) = preSolution
		HideSolutionNode = FALSE
	EndGlobalSection
	GlobalSection(ExtensibilityGlobals) = postSolution
		SolutionGuid = {3FA88A6D-E66D-4954-8675-6FB1B4422FB4}
	EndGlobalSection
EndGlobal
